
Microsoft Visual Studio Solution File, Format Version 12.00
# Visual Studio Version 16
VisualStudioVersion = 16.0.30128.74
MinimumVisualStudioVersion = 10.0.40219.1
Project("{888888A0-9F3D-457C-B088-3A5042F75D52}") = "wl_server2", "wl_server2\wl_server2.pyproj", "{FD7C1C15-E487-4E5B-A343-7DE812C3AF84}"
EndProject
Global
	GlobalSection(SolutionConfigurationPlatforms) = preSolution
		Debug|Any CPU = Debug|Any CPU
		Release|Any CPU = Release|Any CPU
	EndGlobalSection
	GlobalSection(ProjectConfigurationPlatforms) = postSolution
		{FD7C1C15-E487-4E5B-A343-7DE812C3AF84}.Debug|Any CPU.ActiveCfg = Debug|Any CPU
		{FD7C1C15-E487-4E5B-A343-7DE812C3AF84}.Release|Any CPU.ActiveCfg = Release|Any CPU
	EndGlobalSection
	GlobalSection(SolutionProperties) = preSolution
		HideSolutionNode = FALSE
	EndGlobalSection
	GlobalSection(ExtensibilityGlobals) = postSolution
		SolutionGuid = {4BFF3960-D74C-4DC2-9A40-E751514ACD80}
	EndGlobalSection
EndGlobal
